lockfileVersion: '6.0'

dependencies:
  '@connectrpc/connect-node':
    specifier: ^1.1.2
    version: 1.1.2(@bufbuild/protobuf@1.3.3)(@connectrpc/connect@1.1.2)
  '@substreams/core':
    specifier: ^0.5.0
    version: 0.5.0(@bufbuild/protobuf@1.3.3)(@connectrpc/connect@1.1.2)
  '@substreams/manifest':
    specifier: ^0.3.0
    version: 0.3.0(@bufbuild/buf@1.27.1)(@bufbuild/protobuf@1.3.3)(@connectrpc/connect@1.1.2)(@effect/schema@0.44.0)(yaml@2.3.3)
  '@types/node':
    specifier: ^20.8.7
    version: 20.8.7

devDependencies:
  tsx:
    specifier: ^3.14.0
    version: 3.14.0
  typescript:
    specifier: ^5.2.2
    version: 5.2.2

packages:

  /@bufbuild/buf-darwin-arm64@1.27.1:
    resolution: {integrity: sha512-TpaRqvhcR0AgwoG93L3jv8oZtV0YHZx8j2Oj/CqHwqK910VZ2hF6JBy9FSIYqrzOj4JbHnBb6CENlDHUR5WJPw==}
    engines: {node: '>=12'}
    cpu: [arm64]
    os: [darwin]
    requiresBuild: true
    dev: false
    optional: true

  /@bufbuild/buf-darwin-x64@1.27.1:
    resolution: {integrity: sha512-aQAVHm53B2PlzMO4sAlXspsGvCl0IGGSG9xRdDa2uEvvvYlSwZeYCJZSy9l5T1W35rz1AN6Y/u9sV+ylHcmi2A==}
    engines: {node: '>=12'}
    cpu: [x64]
    os: [darwin]
    requiresBuild: true
    dev: false
    optional: true

  /@bufbuild/buf-linux-aarch64@1.27.1:
    resolution: {integrity: sha512-p4hX0VasF8Yd4+yAkiV5uUTaleEMWdnzDFWmBxwSjpORAXqp/By1JPH8flr2tPRGN+uIGbtXl3T2sOEsqS2gfA==}
    engines: {node: '>=12'}
    cpu: [arm64]
    os: [linux]
    requiresBuild: true
    dev: false
    optional: true

  /@bufbuild/buf-linux-x64@1.27.1:
    resolution: {integrity: sha512-NizPSsd/Q9pfOnR9yEDKIwyYCpG1uRWixJSdraAuO6NfyiPwjZ8+F0shIWfLNptANqM7GPBC7HNc5wX380OHCA==}
    engines: {node: '>=12'}
    cpu: [x64]
    os: [linux]
    requiresBuild: true
    dev: false
    optional: true

  /@bufbuild/buf-win32-arm64@1.27.1:
    resolution: {integrity: sha512-WoH2cF8cQ7e2qeeoQDuvmfzW13n3blo0LdX59BFU+zUehKYBfEy7fcmuF8NmAOKhgzOXCh7mimukXpRE7kfyYw==}
    engines: {node: '>=12'}
    cpu: [arm64]
    os: [win32]
    requiresBuild: true
    dev: false
    optional: true

  /@bufbuild/buf-win32-x64@1.27.1:
    resolution: {integrity: sha512-x3x7l+hfT71sf8bwxKME7NXPBNT+R8gObFpcEaTk6xTGPfOlbX8Y4M9C4kX2cH0oSFgkafIe+TUReCYrP3cGvA==}
    engines: {node: '>=12'}
    cpu: [x64]
    os: [win32]
    requiresBuild: true
    dev: false
    optional: true

  /@bufbuild/buf@1.27.1:
    resolution: {integrity: sha512-PtMIFojz77V5BYmC4OR+y6IqsI3jc1b2qysPJ7vaR1jx5K94C9prGvtWEJeEI06xaffVD97VsTt0VR6gTNk+HA==}
    engines: {node: '>=12'}
    hasBin: true
    requiresBuild: true
    optionalDependencies:
      '@bufbuild/buf-darwin-arm64': 1.27.1
      '@bufbuild/buf-darwin-x64': 1.27.1
      '@bufbuild/buf-linux-aarch64': 1.27.1
      '@bufbuild/buf-linux-x64': 1.27.1
      '@bufbuild/buf-win32-arm64': 1.27.1
      '@bufbuild/buf-win32-x64': 1.27.1
    dev: false

  /@bufbuild/protobuf@1.3.3:
    resolution: {integrity: sha512-AoHSiIpTFF97SQgmQni4c+Tyr0CDhkaRaR2qGEJTEbauqQwLRpLrd9yVv//wVHOSxr/b4FJcL54VchhY6710xA==}
    dev: false

  /@connectrpc/connect-node@1.1.2(@bufbuild/protobuf@1.3.3)(@connectrpc/connect@1.1.2):
    resolution: {integrity: sha512-IAwQhh05Qm/T/+ZShEnQz+FFZsr2fbq/DCHhXbmwYjePxvo+kF9YIDkTpVy+vjrV+CwZPBfgOdSaRSJLHUykdg==}
    engines: {node: '>=16.0.0'}
    peerDependencies:
      '@bufbuild/protobuf': ^1.3.3
      '@connectrpc/connect': 1.1.2
    dependencies:
      '@bufbuild/protobuf': 1.3.3
      '@connectrpc/connect': 1.1.2(@bufbuild/protobuf@1.3.3)
      undici: 5.26.3
    dev: false

  /@connectrpc/connect@1.1.2(@bufbuild/protobuf@1.3.3):
    resolution: {integrity: sha512-oDuKJFRORtzyH4IhZyNgIQ5DKjlDnbP72AH55Aabpc0fwApyus/h4cmYU1KDvahVbqsvUOpd5qUTyMH8IhMmLA==}
    peerDependencies:
      '@bufbuild/protobuf': ^1.3.3
    dependencies:
      '@bufbuild/protobuf': 1.3.3
    dev: false

  /@effect/schema@0.44.0(effect@2.0.0-next.49)(fast-check@3.13.1):
    resolution: {integrity: sha512-sUQrGJEtn4tRv6OChdfIPMWhOwSaOivrEksGQYxQ7OpKpXASoeNDBZK++Pb8wI25VREBvBPttXw7racsbvAfXA==}
    peerDependencies:
      effect: 2.0.0-next.49
      fast-check: ^3.13.1
    dependencies:
      effect: 2.0.0-next.49
      fast-check: 3.13.1
    dev: false

  /@esbuild/android-arm64@0.18.20:
    resolution: {integrity: sha512-Nz4rJcchGDtENV0eMKUNa6L12zz2zBDXuhj/Vjh18zGqB44Bi7MBMSXjgunJgjRhCmKOjnPuZp4Mb6OKqtMHLQ==}
    engines: {node: '>=12'}
    cpu: [arm64]
    os: [android]
    requiresBuild: true
    dev: true
    optional: true

  /@esbuild/android-arm@0.18.20:
    resolution: {integrity: sha512-fyi7TDI/ijKKNZTUJAQqiG5T7YjJXgnzkURqmGj13C6dCqckZBLdl4h7bkhHt/t0WP+zO9/zwroDvANaOqO5Sw==}
    engines: {node: '>=12'}
    cpu: [arm]
    os: [android]
    requiresBuild: true
    dev: true
    optional: true

  /@esbuild/android-x64@0.18.20:
    resolution: {integrity: sha512-8GDdlePJA8D6zlZYJV/jnrRAi6rOiNaCC/JclcXpB+KIuvfBN4owLtgzY2bsxnx666XjJx2kDPUmnTtR8qKQUg==}
    engines: {node: '>=12'}
    cpu: [x64]
    os: [android]
    requiresBuild: true
    dev: true
    optional: true

  /@esbuild/darwin-arm64@0.18.20:
    resolution: {integrity: sha512-bxRHW5kHU38zS2lPTPOyuyTm+S+eobPUnTNkdJEfAddYgEcll4xkT8DB9d2008DtTbl7uJag2HuE5NZAZgnNEA==}
    engines: {node: '>=12'}
    cpu: [arm64]
    os: [darwin]
    requiresBuild: true
    dev: true
    optional: true

  /@esbuild/darwin-x64@0.18.20:
    resolution: {integrity: sha512-pc5gxlMDxzm513qPGbCbDukOdsGtKhfxD1zJKXjCCcU7ju50O7MeAZ8c4krSJcOIJGFR+qx21yMMVYwiQvyTyQ==}
    engines: {node: '>=12'}
    cpu: [x64]
    os: [darwin]
    requiresBuild: true
    dev: true
    optional: true

  /@esbuild/freebsd-arm64@0.18.20:
    resolution: {integrity: sha512-yqDQHy4QHevpMAaxhhIwYPMv1NECwOvIpGCZkECn8w2WFHXjEwrBn3CeNIYsibZ/iZEUemj++M26W3cNR5h+Tw==}
    engines: {node: '>=12'}
    cpu: [arm64]
    os: [freebsd]
    requiresBuild: true
    dev: true
    optional: true

  /@esbuild/freebsd-x64@0.18.20:
    resolution: {integrity: sha512-tgWRPPuQsd3RmBZwarGVHZQvtzfEBOreNuxEMKFcd5DaDn2PbBxfwLcj4+aenoh7ctXcbXmOQIn8HI6mCSw5MQ==}
    engines: {node: '>=12'}
    cpu: [x64]
    os: [freebsd]
    requiresBuild: true
    dev: true
    optional: true

  /@esbuild/linux-arm64@0.18.20:
    resolution: {integrity: sha512-2YbscF+UL7SQAVIpnWvYwM+3LskyDmPhe31pE7/aoTMFKKzIc9lLbyGUpmmb8a8AixOL61sQ/mFh3jEjHYFvdA==}
    engines: {node: '>=12'}
    cpu: [arm64]
    os: [linux]
    requiresBuild: true
    dev: true
    optional: true

  /@esbuild/linux-arm@0.18.20:
    resolution: {integrity: sha512-/5bHkMWnq1EgKr1V+Ybz3s1hWXok7mDFUMQ4cG10AfW3wL02PSZi5kFpYKrptDsgb2WAJIvRcDm+qIvXf/apvg==}
    engines: {node: '>=12'}
    cpu: [arm]
    os: [linux]
    requiresBuild: true
    dev: true
    optional: true

  /@esbuild/linux-ia32@0.18.20:
    resolution: {integrity: sha512-P4etWwq6IsReT0E1KHU40bOnzMHoH73aXp96Fs8TIT6z9Hu8G6+0SHSw9i2isWrD2nbx2qo5yUqACgdfVGx7TA==}
    engines: {node: '>=12'}
    cpu: [ia32]
    os: [linux]
    requiresBuild: true
    dev: true
    optional: true

  /@esbuild/linux-loong64@0.18.20:
    resolution: {integrity: sha512-nXW8nqBTrOpDLPgPY9uV+/1DjxoQ7DoB2N8eocyq8I9XuqJ7BiAMDMf9n1xZM9TgW0J8zrquIb/A7s3BJv7rjg==}
    engines: {node: '>=12'}
    cpu: [loong64]
    os: [linux]
    requiresBuild: true
    dev: true
    optional: true

  /@esbuild/linux-mips64el@0.18.20:
    resolution: {integrity: sha512-d5NeaXZcHp8PzYy5VnXV3VSd2D328Zb+9dEq5HE6bw6+N86JVPExrA6O68OPwobntbNJ0pzCpUFZTo3w0GyetQ==}
    engines: {node: '>=12'}
    cpu: [mips64el]
    os: [linux]
    requiresBuild: true
    dev: true
    optional: true

  /@esbuild/linux-ppc64@0.18.20:
    resolution: {integrity: sha512-WHPyeScRNcmANnLQkq6AfyXRFr5D6N2sKgkFo2FqguP44Nw2eyDlbTdZwd9GYk98DZG9QItIiTlFLHJHjxP3FA==}
    engines: {node: '>=12'}
    cpu: [ppc64]
    os: [linux]
    requiresBuild: true
    dev: true
    optional: true

  /@esbuild/linux-riscv64@0.18.20:
    resolution: {integrity: sha512-WSxo6h5ecI5XH34KC7w5veNnKkju3zBRLEQNY7mv5mtBmrP/MjNBCAlsM2u5hDBlS3NGcTQpoBvRzqBcRtpq1A==}
    engines: {node: '>=12'}
    cpu: [riscv64]
    os: [linux]
    requiresBuild: true
    dev: true
    optional: true

  /@esbuild/linux-s390x@0.18.20:
    resolution: {integrity: sha512-+8231GMs3mAEth6Ja1iK0a1sQ3ohfcpzpRLH8uuc5/KVDFneH6jtAJLFGafpzpMRO6DzJ6AvXKze9LfFMrIHVQ==}
    engines: {node: '>=12'}
    cpu: [s390x]
    os: [linux]
    requiresBuild: true
    dev: true
    optional: true

  /@esbuild/linux-x64@0.18.20:
    resolution: {integrity: sha512-UYqiqemphJcNsFEskc73jQ7B9jgwjWrSayxawS6UVFZGWrAAtkzjxSqnoclCXxWtfwLdzU+vTpcNYhpn43uP1w==}
    engines: {node: '>=12'}
    cpu: [x64]
    os: [linux]
    requiresBuild: true
    dev: true
    optional: true

  /@esbuild/netbsd-x64@0.18.20:
    resolution: {integrity: sha512-iO1c++VP6xUBUmltHZoMtCUdPlnPGdBom6IrO4gyKPFFVBKioIImVooR5I83nTew5UOYrk3gIJhbZh8X44y06A==}
    engines: {node: '>=12'}
    cpu: [x64]
    os: [netbsd]
    requiresBuild: true
    dev: true
    optional: true

  /@esbuild/openbsd-x64@0.18.20:
    resolution: {integrity: sha512-e5e4YSsuQfX4cxcygw/UCPIEP6wbIL+se3sxPdCiMbFLBWu0eiZOJ7WoD+ptCLrmjZBK1Wk7I6D/I3NglUGOxg==}
    engines: {node: '>=12'}
    cpu: [x64]
    os: [openbsd]
    requiresBuild: true
    dev: true
    optional: true

  /@esbuild/sunos-x64@0.18.20:
    resolution: {integrity: sha512-kDbFRFp0YpTQVVrqUd5FTYmWo45zGaXe0X8E1G/LKFC0v8x0vWrhOWSLITcCn63lmZIxfOMXtCfti/RxN/0wnQ==}
    engines: {node: '>=12'}
    cpu: [x64]
    os: [sunos]
    requiresBuild: true
    dev: true
    optional: true

  /@esbuild/win32-arm64@0.18.20:
    resolution: {integrity: sha512-ddYFR6ItYgoaq4v4JmQQaAI5s7npztfV4Ag6NrhiaW0RrnOXqBkgwZLofVTlq1daVTQNhtI5oieTvkRPfZrePg==}
    engines: {node: '>=12'}
    cpu: [arm64]
    os: [win32]
    requiresBuild: true
    dev: true
    optional: true

  /@esbuild/win32-ia32@0.18.20:
    resolution: {integrity: sha512-Wv7QBi3ID/rROT08SABTS7eV4hX26sVduqDOTe1MvGMjNd3EjOz4b7zeexIR62GTIEKrfJXKL9LFxTYgkyeu7g==}
    engines: {node: '>=12'}
    cpu: [ia32]
    os: [win32]
    requiresBuild: true
    dev: true
    optional: true

  /@esbuild/win32-x64@0.18.20:
    resolution: {integrity: sha512-kTdfRcSiDfQca/y9QIkng02avJ+NCaQvrMejlsB3RRv5sE9rRoeBPISaZpKxHELzRxZyLvNts1P27W3wV+8geQ==}
    engines: {node: '>=12'}
    cpu: [x64]
    os: [win32]
    requiresBuild: true
    dev: true
    optional: true

  /@fastify/busboy@2.0.0:
    resolution: {integrity: sha512-JUFJad5lv7jxj926GPgymrWQxxjPYuJNiNjNMzqT+HiuP6Vl3dk5xzG+8sTX96np0ZAluvaMzPsjhHZ5rNuNQQ==}
    engines: {node: '>=14'}
    dev: false

  /@substreams/core@0.4.0(@bufbuild/protobuf@1.3.3)(@connectrpc/connect@1.1.2):
    resolution: {integrity: sha512-+ll/v49ewGnq+g7qaA99cYEOozJacN1I2UeLOSSnlAg4xlyRufwe3z11y0KXIwJbq6Q2IELI4xYbgqvjKcazDA==}
    peerDependencies:
      '@bufbuild/protobuf': ^1.3.3
      '@connectrpc/connect': ^1.1.2
    dependencies:
      '@bufbuild/protobuf': 1.3.3
      '@connectrpc/connect': 1.1.2(@bufbuild/protobuf@1.3.3)
    dev: false

  /@substreams/core@0.5.0(@bufbuild/protobuf@1.3.3)(@connectrpc/connect@1.1.2):
    resolution: {integrity: sha512-RCBCb9jizCXuIMClq+BL717g1oYrdFgfFzK+a3DBxHKmHU9h/25wJJXXzTR38mMxiy8cHM5Wtb8VjJz7f0ecdQ==}
    peerDependencies:
      '@bufbuild/protobuf': ^1.3.3
      '@connectrpc/connect': ^1.1.2
    dependencies:
      '@bufbuild/protobuf': 1.3.3
      '@connectrpc/connect': 1.1.2(@bufbuild/protobuf@1.3.3)
    dev: false

  /@substreams/manifest@0.3.0(@bufbuild/buf@1.27.1)(@bufbuild/protobuf@1.3.3)(@connectrpc/connect@1.1.2)(@effect/schema@0.44.0)(yaml@2.3.3):
    resolution: {integrity: sha512-Srmu2Q08y49eVZ+d0i91NdUt+Ss8Vn4CQhvzjwSooaj1iK7e8zWjNHZTa5hKGWvgk1wKfhaKBNVHPSouJ1bdkA==}
    peerDependencies:
      '@bufbuild/buf': ^1.27.1
      '@bufbuild/protobuf': ^1.3.3
      '@effect/schema': ^0.44.0
      yaml: ^2.3.3
    dependencies:
      '@bufbuild/buf': 1.27.1
      '@bufbuild/protobuf': 1.3.3
      '@effect/schema': 0.44.0(effect@2.0.0-next.49)(fast-check@3.13.1)
      '@substreams/core': 0.4.0(@bufbuild/protobuf@1.3.3)(@connectrpc/connect@1.1.2)
      yaml: 2.3.3
    transitivePeerDependencies:
      - '@connectrpc/connect'
    dev: false

  /@types/node@20.8.7:
    resolution: {integrity: sha512-21TKHHh3eUHIi2MloeptJWALuCu5H7HQTdTrWIFReA8ad+aggoX+lRes3ex7/FtpC+sVUpFMQ+QTfYr74mruiQ==}
    dependencies:
      undici-types: 5.25.3
    dev: false

  /buffer-from@1.1.2:
    resolution: {integrity: sha512-E+XQCRwSbaaiChtv6k6Dwgc+bx+Bs6vuKJHHl5kox/BaKbhiXzqQOwK4cO22yElGp2OCmjwVhT3HmxgyPGnJfQ==}
    dev: true

  /effect@2.0.0-next.49:
    resolution: {integrity: sha512-FiOQ2Khm2REPQOkxkRPyTVyfPCUNecDopz1ZOKzZrZyCAzDqWiFYvdPwX/nYQrXY77/DBGcaLEsQ4/1BpG1bAg==}
    dev: false

  /esbuild@0.18.20:
    resolution: {integrity: sha512-ceqxoedUrcayh7Y7ZX6NdbbDzGROiyVBgC4PriJThBKSVPWnnFHZAkfI1lJT8QFkOwH4qOS2SJkS4wvpGl8BpA==}
    engines: {node: '>=12'}
    hasBin: true
    requiresBuild: true
    optionalDependencies:
      '@esbuild/android-arm': 0.18.20
      '@esbuild/android-arm64': 0.18.20
      '@esbuild/android-x64': 0.18.20
      '@esbuild/darwin-arm64': 0.18.20
      '@esbuild/darwin-x64': 0.18.20
      '@esbuild/freebsd-arm64': 0.18.20
      '@esbuild/freebsd-x64': 0.18.20
      '@esbuild/linux-arm': 0.18.20
      '@esbuild/linux-arm64': 0.18.20
      '@esbuild/linux-ia32': 0.18.20
      '@esbuild/linux-loong64': 0.18.20
      '@esbuild/linux-mips64el': 0.18.20
      '@esbuild/linux-ppc64': 0.18.20
      '@esbuild/linux-riscv64': 0.18.20
      '@esbuild/linux-s390x': 0.18.20
      '@esbuild/linux-x64': 0.18.20
      '@esbuild/netbsd-x64': 0.18.20
      '@esbuild/openbsd-x64': 0.18.20
      '@esbuild/sunos-x64': 0.18.20
      '@esbuild/win32-arm64': 0.18.20
      '@esbuild/win32-ia32': 0.18.20
      '@esbuild/win32-x64': 0.18.20
    dev: true

  /fast-check@3.13.1:
    resolution: {integrity: sha512-Xp00tFuWd83i8rbG/4wU54qU+yINjQha7bXH2N4ARNTkyOimzHtUBJ5+htpdXk7RMaCOD/j2jxSjEt9u9ZPNeQ==}
    engines: {node: '>=8.0.0'}
    dependencies:
      pure-rand: 6.0.4
    dev: false

  /fsevents@2.3.3:
    resolution: {integrity: sha512-5xoDfX+fL7faATnagmWPpbFtwh/R77WmMMqqHGS65C3vvB0YHrgF+B1YmZ3441tMj5n63k0212XNoJwzlhffQw==}
    engines: {node: ^8.16.0 || ^10.6.0 || >=11.0.0}
    os: [darwin]
    requiresBuild: true
    dev: true
    optional: true

  /get-tsconfig@4.7.2:
    resolution: {integrity: sha512-wuMsz4leaj5hbGgg4IvDU0bqJagpftG5l5cXIAvo8uZrqn0NJqwtfupTN00VnkQJPcIRrxYrm1Ue24btpCha2A==}
    dependencies:
      resolve-pkg-maps: 1.0.0
    dev: true

  /pure-rand@6.0.4:
    resolution: {integrity: sha512-LA0Y9kxMYv47GIPJy6MI84fqTd2HmYZI83W/kM/SkKfDlajnZYfmXFTxkbY+xSBPkLJxltMa9hIkmdc29eguMA==}
    dev: false

  /resolve-pkg-maps@1.0.0:
    resolution: {integrity: sha512-seS2Tj26TBVOC2NIc2rOe2y2ZO7efxITtLZcGSOnHHNOQ7CkiUBfw0Iw2ck6xkIhPwLhKNLS8BO+hEpngQlqzw==}
    dev: true

  /source-map-support@0.5.21:
    resolution: {integrity: sha512-uBHU3L3czsIyYXKX88fdrGovxdSCoTGDRZ6SYXtSRxLZUzHg5P/66Ht6uoUlHu9EZod+inXhKo3qQgwXUT/y1w==}
    dependencies:
      buffer-from: 1.1.2
      source-map: 0.6.1
    dev: true

  /source-map@0.6.1:
    resolution: {integrity: sha512-UjgapumWlbMhkBgzT7Ykc5YXUT46F0iKu8SGXq0bcwP5dz/h0Plj6enJqjz1Zbq2l5WaqYnrVbwWOWMyF3F47g==}
    engines: {node: '>=0.10.0'}
    dev: true

  /tsx@3.14.0:
    resolution: {integrity: sha512-xHtFaKtHxM9LOklMmJdI3BEnQq/D5F73Of2E1GDrITi9sgoVkvIsrQUTY1G8FlmGtA+awCI4EBlTRRYxkL2sRg==}
    hasBin: true
    dependencies:
      esbuild: 0.18.20
      get-tsconfig: 4.7.2
      source-map-support: 0.5.21
    optionalDependencies:
      fsevents: 2.3.3
    dev: true

  /typescript@5.2.2:
    resolution: {integrity: sha512-mI4WrpHsbCIcwT9cF4FZvr80QUeKvsUsUvKDoR+X/7XHQH98xYD8YHZg7ANtz2GtZt/CBq2QJ0thkGJMHfqc1w==}
    engines: {node: '>=14.17'}
    hasBin: true
    dev: true

  /undici-types@5.25.3:
    resolution: {integrity: sha512-Ga1jfYwRn7+cP9v8auvEXN1rX3sWqlayd4HP7OKk4mZWylEmu3KzXDUGrQUN6Ol7qo1gPvB2e5gX6udnyEPgdA==}
    dev: false

  /undici@5.26.3:
    resolution: {integrity: sha512-H7n2zmKEWgOllKkIUkLvFmsJQj062lSm3uA4EYApG8gLuiOM0/go9bIoC3HVaSnfg4xunowDE2i9p8drkXuvDw==}
    engines: {node: '>=14.0'}
    dependencies:
      '@fastify/busboy': 2.0.0
    dev: false

  /yaml@2.3.3:
    resolution: {integrity: sha512-zw0VAJxgeZ6+++/su5AFoqBbZbrEakwu+X0M5HmcwUiBL7AzcuPKjj5we4xfQLp78LkEMpD0cOnUhmgOVy3KdQ==}
    engines: {node: '>= 14'}
    dev: false

settings:
  autoInstallPeers: true
  excludeLinksFromLockfile: false
