# THIS IS AN AUTOGENERATED FILE. DO NOT EDIT THIS FILE DIRECTLY.
# yarn lockfile v1


"@bufbuild/buf-darwin-arm64@1.26.1":
  version "1.26.1"
  resolved "https://registry.yarnpkg.com/@bufbuild/buf-darwin-arm64/-/buf-darwin-arm64-1.26.1.tgz#6085067537074440c098abe1f9cf86be637ad6f2"
  integrity sha512-nmyWiT/59RFja0ZuXFxjNGoAMDPTApU66CZUUevkFVWbNB9nzeQDjx2vsJyACY64k5fTgZiaelSiyppwObQknw==

"@bufbuild/buf-darwin-x64@1.26.1":
  version "1.26.1"
  resolved "https://registry.yarnpkg.com/@bufbuild/buf-darwin-x64/-/buf-darwin-x64-1.26.1.tgz#76d0cfd468dd2b2c462b7b5ad0de062e475d755e"
  integrity sha512-jl5WmUv30OW8JiRLid9+mVx1XVH0XttpUfkQfmqDFdUHGfdy4XWYK8kr84YyWu0SiMTIt1mPXkqG5UM3x+tdIQ==

"@bufbuild/buf-linux-aarch64@1.26.1":
  version "1.26.1"
  resolved "https://registry.yarnpkg.com/@bufbuild/buf-linux-aarch64/-/buf-linux-aarch64-1.26.1.tgz#45cc1f69ce64beb6aa1dce0eefd7d04db2ed7790"
  integrity sha512-EedR2KDW/yDIxQKWuq1Y/g7IuwTgvelqylGVO7muMxt2JWShobyUaU6GIU8JB4yhIbqRQYCL2KqBsvDJbJtCUw==

"@bufbuild/buf-linux-x64@1.26.1":
  version "1.26.1"
  resolved "https://registry.yarnpkg.com/@bufbuild/buf-linux-x64/-/buf-linux-x64-1.26.1.tgz#32c1395497d9a877671b74191d2d199d078b1e34"
  integrity sha512-5iFL+MmWqR4cBLVNpgsjRecdHgcTxFaIkVYlQV9q8acbaJn5rgOIjUr1tzcBao9YsL3rdBhHvKkgnQ9gi1IiTw==

"@bufbuild/buf-win32-arm64@1.26.1":
  version "1.26.1"
  resolved "https://registry.yarnpkg.com/@bufbuild/buf-win32-arm64/-/buf-win32-arm64-1.26.1.tgz#839001f409c111ddf5745a1278128b4c49e9c8d0"
  integrity sha512-/ayymSD12gBetN98ErkH0CBGRLTmtYAp4fmbPuvq8zuJcL0eiAnK6d7ZFjTc+vDMuKY/aelQN7dj9WhzdYAQSQ==

"@bufbuild/buf-win32-x64@1.26.1":
  version "1.26.1"
  resolved "https://registry.yarnpkg.com/@bufbuild/buf-win32-x64/-/buf-win32-x64-1.26.1.tgz#483ebcdc31944cef6e78c0a4e01208252baf7ab2"
  integrity sha512-k9Dy3Z9P96wYR43lUhUo0jbjMSo001+MRBlsadEYiw85POqx6RWVaGyHLrxC2Ly7g+aGMisey050OjqfCWtKTA==

"@bufbuild/buf@^1.25.0":
  version "1.26.1"
  resolved "https://registry.yarnpkg.com/@bufbuild/buf/-/buf-1.26.1.tgz#9ff71217d6ece1c38df5c8865feceec01efa809b"
  integrity sha512-NyYx4T//3ndtFYV3BfqX9Xrm1NZEx3eChXniAKc/osCVViFooC5nuLQUbyqglMonH0w39RohiURMXN+e/oEB4g==
  optionalDependencies:
    "@bufbuild/buf-darwin-arm64" "1.26.1"
    "@bufbuild/buf-darwin-x64" "1.26.1"
    "@bufbuild/buf-linux-aarch64" "1.26.1"
    "@bufbuild/buf-linux-x64" "1.26.1"
    "@bufbuild/buf-win32-arm64" "1.26.1"
    "@bufbuild/buf-win32-x64" "1.26.1"

"@bufbuild/connect-web@0.13.0":
  version "0.13.0"
  resolved "https://registry.yarnpkg.com/@bufbuild/connect-web/-/connect-web-0.13.0.tgz#87301c92d49d3c3f9acb99729c2f7505d739aa4a"
  integrity sha512-Ys9VFDWYktD9yFQSLOlkpsD42LonDNMCysLCfjXFuxlupYuf4f7qg0zkT5bESyTfqk4xtRDSSGR3xygaj/ONIQ==
  dependencies:
    "@bufbuild/connect" "0.13.0"

"@bufbuild/connect@0.13.0":
  version "0.13.0"
  resolved "https://registry.yarnpkg.com/@bufbuild/connect/-/connect-0.13.0.tgz#97a84a2cac747c7a52d4421a3382d8d165f61c99"
  integrity sha512-eZSMbVLyUFtXiZNORgCEvv580xKZeYQdMOWj2i/nxOcpXQcrEzTMTA7SZzWv4k4gveWCOSRoWmYDeOhfWXJv0g==

"@bufbuild/connect@^0.12.0":
  version "0.12.0"
  resolved "https://registry.yarnpkg.com/@bufbuild/connect/-/connect-0.12.0.tgz#b339dc913135e0d29f143cae76581f7b090be34f"
  integrity sha512-rYn3Akp7teOkvqxguLbf6QKizH37Yeo33lseV+JHDZC19CsAV9wrrZM17Sa+LNEBj/hrYtQF7EIcllgGxhv9aw==

"@bufbuild/protobuf@^1.2.1":
  version "1.3.1"
  resolved "https://registry.yarnpkg.com/@bufbuild/protobuf/-/protobuf-1.3.1.tgz#c4de66bacbe7ac97fe054e68314aeba6f45177f9"
  integrity sha512-BUyJWutgP2S8K/1NphOJokuwDckXS4qI2T1pGZAlkFdZchWae3jm6fCdkcGbLlM1QLOcNFFePd+7Feo4BYGrJQ==

"@effect/data@^0.17.0", "@effect/data@^0.17.1":
  version "0.17.6"
  resolved "https://registry.yarnpkg.com/@effect/data/-/data-0.17.6.tgz#43d0f1f2283f1ff471094947eb466893a3ec80de"
  integrity sha512-/vwz7Jh05eS0qY8kczR/YyJd18d0C+PMtUkAealh4f6gwvhABLGCnktNJTcq/+UHxY0Cbv18r5uaJ4+7PPC+WQ==

"@effect/io@^0.37.0":
  version "0.37.1"
  resolved "https://registry.yarnpkg.com/@effect/io/-/io-0.37.1.tgz#53ecd1ab8438cead598f3b0dd75edc84db817720"
  integrity sha512-Ez3GfcG+gDDfAiBXtSjJpSrPU5Guiyw69LsYkMtIukFwyNwpHWLhYaVgfVbVjoQasil8KiFSQJSd5DbJL6nqPg==
  dependencies:
    "@effect/data" "^0.17.0"

"@effect/schema@^0.32.0":
  version "0.32.0"
  resolved "https://registry.yarnpkg.com/@effect/schema/-/schema-0.32.0.tgz#fb29b86c35cd0364ac22683506c29a6859839d22"
  integrity sha512-4HJK/cFkVPdIjYICy0eRsL7JuuLJ6mE3aJC5rX9OuUIei/qfctFEEX2NaARjtGX7hACBrRcuJCNwiq+54TTjFw==
  dependencies:
    "@effect/data" "^0.17.1"
    "@effect/io" "^0.37.0"
    fast-check "^3.12.0"

"@substreams/core@^0.1.19":
  version "0.1.19"
  resolved "https://registry.yarnpkg.com/@substreams/core/-/core-0.1.19.tgz#c11ed4ab4fdba73aafeac2413a12b2e36c4f6e11"
  integrity sha512-GEEkhJb1XUkBvlRzlA7JOXJnS5XmKO4C6ZPz2djxKkRr98EEWH2C1EGCiK/vBYt2trsOVnq/fYizaqRl6vXW5Q==
  dependencies:
    "@bufbuild/connect" "^0.12.0"
    "@bufbuild/protobuf" "^1.2.1"

"@substreams/manifest@^0.0.9":
  version "0.0.9"
  resolved "https://registry.yarnpkg.com/@substreams/manifest/-/manifest-0.0.9.tgz#338cf1f4f089b879b9fbbd03412f571406b0f3de"
  integrity sha512-U/azNhOZle3S6lUCpnQ+P90V8GvtQWMMH8hEX3/TCPRz/hkOFm1PG0+6t6VYVgXX+yTCPrAVpYiyGUdfkaW9Bw==
  dependencies:
    "@bufbuild/buf" "^1.25.0"
    "@bufbuild/protobuf" "^1.2.1"
    "@effect/schema" "^0.32.0"
    "@substreams/core" "^0.1.19"
    yaml "^2.3.1"

fast-check@^3.12.0:
  version "3.13.1"
  resolved "https://registry.yarnpkg.com/fast-check/-/fast-check-3.13.1.tgz#32c7a78621098bd30d71e40c0e269a728a3188e2"
  integrity sha512-Xp00tFuWd83i8rbG/4wU54qU+yINjQha7bXH2N4ARNTkyOimzHtUBJ5+htpdXk7RMaCOD/j2jxSjEt9u9ZPNeQ==
  dependencies:
    pure-rand "^6.0.0"

pure-rand@^6.0.0:
  version "6.0.3"
  resolved "https://registry.yarnpkg.com/pure-rand/-/pure-rand-6.0.3.tgz#3c9e6b53c09e52ac3cedffc85ab7c1c7094b38cb"
  integrity sha512-KddyFewCsO0j3+np81IQ+SweXLDnDQTs5s67BOnrYmYe/yNmUhttQyGsYzy8yUnoljGAQ9sl38YB4vH8ur7Y+w==

yaml@^2.3.1:
  version "2.3.2"
  resolved "https://registry.yarnpkg.com/yaml/-/yaml-2.3.2.tgz#f522db4313c671a0ca963a75670f1c12ea909144"
  integrity sha512-N/lyzTPaJasoDmfV7YTrYCI0G/3ivm/9wdG0aHuheKowWQwGTsK0Eoiw6utmzAnI6pkJa0DUVygvp3spqqEKXg==
