{
    "name": "substreams-js-node-example",
    "version": "1.0.0",
    "lockfileVersion": 3,
    "requires": true,
    "packages": {
        "": {
            "name": "substreams-js-node-example",
            "version": "1.0.0",
            "dependencies": {
                "@connectrpc/connect": "1.3.0",
                "@connectrpc/connect-node": "1.3.0",
                "@substreams/core": "0.16.0",
                "@substreams/manifest": "^0.0.9"
            }
        },
        "node_modules/@bufbuild/buf": {
            "version": "1.30.0",
            "resolved": "https://registry.npmjs.org/@bufbuild/buf/-/buf-1.30.0.tgz",
            "integrity": "sha512-SImlJJA+9uDccWzt6SFXJwRQE/6fGv2cIKyXqDJCWthYMMYw9/QOdM/pXg5JZx1XJrHiEvzZ0y+ump7Q08/FPw==",
            "hasInstallScript": true,
            "bin": {
                "buf": "bin/buf",
                "protoc-gen-buf-breaking": "bin/protoc-gen-buf-breaking",
                "protoc-gen-buf-lint": "bin/protoc-gen-buf-lint"
            },
            "engines": {
                "node": ">=12"
            },
            "optionalDependencies": {
                "@bufbuild/buf-darwin-arm64": "1.30.0",
                "@bufbuild/buf-darwin-x64": "1.30.0",
                "@bufbuild/buf-linux-aarch64": "1.30.0",
                "@bufbuild/buf-linux-x64": "1.30.0",
                "@bufbuild/buf-win32-arm64": "1.30.0",
                "@bufbuild/buf-win32-x64": "1.30.0"
            }
        },
        "node_modules/@bufbuild/buf-darwin-arm64": {
            "version": "1.30.0",
            "resolved": "https://registry.npmjs.org/@bufbuild/buf-darwin-arm64/-/buf-darwin-arm64-1.30.0.tgz",
            "integrity": "sha512-EUhh/hiazZPyf6I0HcQHf/ODZAq2js+PdIbemEWm8WQV29rqhY/stRxKDF755gG5xNr4xwhraQXYTizG3MZV5A==",
            "cpu": [
                "arm64"
            ],
            "optional": true,
            "os": [
                "darwin"
            ],
            "engines": {
                "node": ">=12"
            }
        },
        "node_modules/@bufbuild/buf-darwin-x64": {
            "version": "1.30.0",
            "resolved": "https://registry.npmjs.org/@bufbuild/buf-darwin-x64/-/buf-darwin-x64-1.30.0.tgz",
            "integrity": "sha512-ID9G93hlpvy3KwYqu1UFZCFHaQ7KDESH3OmL33ASpdCojtQbD7EtKCQe8vwIW2raim7lSocSHLyZuLCUAvWoUw==",
            "cpu": [
                "x64"
            ],
            "optional": true,
            "os": [
                "darwin"
            ],
            "engines": {
                "node": ">=12"
            }
        },
        "node_modules/@bufbuild/buf-linux-aarch64": {
            "version": "1.30.0",
            "resolved": "https://registry.npmjs.org/@bufbuild/buf-linux-aarch64/-/buf-linux-aarch64-1.30.0.tgz",
            "integrity": "sha512-VTp5YnfsHtCmRNqGAgzSm18fCTVw8ErK0Lk506CWtqqGhPJ+lWuVkxgAAzG+qoK4LZXIpX9dXxkoqdb+L1NTkg==",
            "cpu": [
                "arm64"
            ],
            "optional": true,
            "os": [
                "linux"
            ],
            "engines": {
                "node": ">=12"
            }
        },
        "node_modules/@bufbuild/buf-linux-x64": {
            "version": "1.30.0",
            "resolved": "https://registry.npmjs.org/@bufbuild/buf-linux-x64/-/buf-linux-x64-1.30.0.tgz",
            "integrity": "sha512-XBasj1Baf/lJIiJbX40RDjM8OLS3eVIiilnDqQ7ZL3WOCn6gROYr9lLjlUg9GYox9On5LCFp3536zfr3hNqQwg==",
            "cpu": [
                "x64"
            ],
            "optional": true,
            "os": [
                "linux"
            ],
            "engines": {
                "node": ">=12"
            }
        },
        "node_modules/@bufbuild/buf-win32-arm64": {
            "version": "1.30.0",
            "resolved": "https://registry.npmjs.org/@bufbuild/buf-win32-arm64/-/buf-win32-arm64-1.30.0.tgz",
            "integrity": "sha512-1C18Abq2GpBeGP54VOr9ABzSobynH/q8pUkbY6ftp7JIYdrCvKfJmianEpvTHJWl5kwe3UP9xYYgr5Yt+Y/8Yw==",
            "cpu": [
                "arm64"
            ],
            "optional": true,
            "os": [
                "win32"
            ],
            "engines": {
                "node": ">=12"
            }
        },
        "node_modules/@bufbuild/buf-win32-x64": {
            "version": "1.30.0",
            "resolved": "https://registry.npmjs.org/@bufbuild/buf-win32-x64/-/buf-win32-x64-1.30.0.tgz",
            "integrity": "sha512-uRc05jpbvdUxKSHpUj6RfNR3yJTIdSYccgtupgc6qPoDXE+KveyqjbA0CqIqXhgJmgyggBcYLEbX+tdtz5LRhA==",
            "cpu": [
                "x64"
            ],
            "optional": true,
            "os": [
                "win32"
            ],
            "engines": {
                "node": ">=12"
            }
        },
        "node_modules/@bufbuild/connect": {
            "version": "0.12.0",
            "resolved": "https://registry.npmjs.org/@bufbuild/connect/-/connect-0.12.0.tgz",
            "integrity": "sha512-rYn3Akp7teOkvqxguLbf6QKizH37Yeo33lseV+JHDZC19CsAV9wrrZM17Sa+LNEBj/hrYtQF7EIcllgGxhv9aw==",
            "deprecated": "Connect has moved to its own org @connectrpc and has a stable v1. Run `npx @connectrpc/connect-migrate@latest` to update. See https://github.com/connectrpc/connect-es/releases/tag/v0.13.1 for details.",
            "peerDependencies": {
                "@bufbuild/protobuf": "^1.2.1"
            }
        },
        "node_modules/@bufbuild/protobuf": {
            "version": "1.7.2",
            "resolved": "https://registry.npmjs.org/@bufbuild/protobuf/-/protobuf-1.7.2.tgz",
            "integrity": "sha512-i5GE2Dk5ekdlK1TR7SugY4LWRrKSfb5T1Qn4unpIMbfxoeGKERKQ59HG3iYewacGD10SR7UzevfPnh6my4tNmQ=="
        },
        "node_modules/@connectrpc/connect": {
            "version": "1.3.0",
            "resolved": "https://registry.npmjs.org/@connectrpc/connect/-/connect-1.3.0.tgz",
            "integrity": "sha512-kTeWxJnLLtxKc2ZSDN0rIBgwfP8RwcLknthX4AKlIAmN9ZC4gGnCbwp+3BKcP/WH5c8zGBAWqSY3zeqCM+ah7w==",
            "peerDependencies": {
                "@bufbuild/protobuf": "^1.4.2"
            }
        },
        "node_modules/@connectrpc/connect-node": {
            "version": "1.3.0",
            "resolved": "https://registry.npmjs.org/@connectrpc/connect-node/-/connect-node-1.3.0.tgz",
            "integrity": "sha512-2fV/z/8MUFOkTn2Gbm7T/qvRfkpt/D/w7ykYqACZRH6VNG/faY4lH2wUZiNkwv9tzTrECKOJFyPsaGs3nRYK3w==",
            "dependencies": {
                "undici": "^5.28.2"
            },
            "engines": {
                "node": ">=16.0.0"
            },
            "peerDependencies": {
                "@bufbuild/protobuf": "^1.4.2",
                "@connectrpc/connect": "1.3.0"
            }
        },
        "node_modules/@effect/data": {
            "version": "0.17.6",
            "resolved": "https://registry.npmjs.org/@effect/data/-/data-0.17.6.tgz",
            "integrity": "sha512-/vwz7Jh05eS0qY8kczR/YyJd18d0C+PMtUkAealh4f6gwvhABLGCnktNJTcq/+UHxY0Cbv18r5uaJ4+7PPC+WQ=="
        },
        "node_modules/@effect/io": {
            "version": "0.37.1",
            "resolved": "https://registry.npmjs.org/@effect/io/-/io-0.37.1.tgz",
            "integrity": "sha512-Ez3GfcG+gDDfAiBXtSjJpSrPU5Guiyw69LsYkMtIukFwyNwpHWLhYaVgfVbVjoQasil8KiFSQJSd5DbJL6nqPg==",
            "dependencies": {
                "@effect/data": "^0.17.0"
            }
        },
        "node_modules/@effect/schema": {
            "version": "0.32.0",
            "resolved": "https://registry.npmjs.org/@effect/schema/-/schema-0.32.0.tgz",
            "integrity": "sha512-4HJK/cFkVPdIjYICy0eRsL7JuuLJ6mE3aJC5rX9OuUIei/qfctFEEX2NaARjtGX7hACBrRcuJCNwiq+54TTjFw==",
            "dependencies": {
                "@effect/data": "^0.17.1",
                "@effect/io": "^0.37.0",
                "fast-check": "^3.12.0"
            }
        },
        "node_modules/@fastify/busboy": {
            "version": "2.1.1",
            "resolved": "https://registry.npmjs.org/@fastify/busboy/-/busboy-2.1.1.tgz",
            "integrity": "sha512-vBZP4NlzfOlerQTnba4aqZoMhE/a9HY7HRqoOPaETQcSQuWEIyZMHGfVu6w9wGtGK5fED5qRs2DteVCjOH60sA==",
            "engines": {
                "node": ">=14"
            }
        },
        "node_modules/@substreams/core": {
            "version": "0.16.0",
            "resolved": "https://registry.npmjs.org/@substreams/core/-/core-0.16.0.tgz",
            "integrity": "sha512-1HDFEZvH5EkHFykBfekqBtm3YKFWIMMHQaSa1T+Z8u4wcn8DIaiVOywvBtVmBT6R2pBaqbz4j14ndXN6r+IV6Q==",
            "peerDependencies": {
                "@bufbuild/protobuf": "^1.7.2",
                "@connectrpc/connect": "^1.3.0"
            }
        },
        "node_modules/@substreams/manifest": {
            "version": "0.0.9",
            "resolved": "https://registry.npmjs.org/@substreams/manifest/-/manifest-0.0.9.tgz",
            "integrity": "sha512-U/azNhOZle3S6lUCpnQ+P90V8GvtQWMMH8hEX3/TCPRz/hkOFm1PG0+6t6VYVgXX+yTCPrAVpYiyGUdfkaW9Bw==",
            "dependencies": {
                "@bufbuild/buf": "^1.25.0",
                "@bufbuild/protobuf": "^1.2.1",
                "@effect/schema": "^0.32.0",
                "@substreams/core": "^0.1.19",
                "yaml": "^2.3.1"
            }
        },
        "node_modules/@substreams/manifest/node_modules/@substreams/core": {
            "version": "0.1.19",
            "resolved": "https://registry.npmjs.org/@substreams/core/-/core-0.1.19.tgz",
            "integrity": "sha512-GEEkhJb1XUkBvlRzlA7JOXJnS5XmKO4C6ZPz2djxKkRr98EEWH2C1EGCiK/vBYt2trsOVnq/fYizaqRl6vXW5Q==",
            "dependencies": {
                "@bufbuild/connect": "^0.12.0",
                "@bufbuild/protobuf": "^1.2.1"
            }
        },
        "node_modules/fast-check": {
            "version": "3.16.0",
            "resolved": "https://registry.npmjs.org/fast-check/-/fast-check-3.16.0.tgz",
            "integrity": "sha512-k8GtQHi4pJoRQ1gVDFQno+/FVkowo/ehiz/aCj9O/D7HRWb1sSFzNrw+iPVU8QlWtH+jNwbuN+dDVg3QkS56DQ==",
            "funding": [
                {
                    "type": "individual",
                    "url": "https://github.com/sponsors/dubzzz"
                },
                {
                    "type": "opencollective",
                    "url": "https://opencollective.com/fast-check"
                }
            ],
            "dependencies": {
                "pure-rand": "^6.0.0"
            },
            "engines": {
                "node": ">=8.0.0"
            }
        },
        "node_modules/pure-rand": {
            "version": "6.0.4",
            "resolved": "https://registry.npmjs.org/pure-rand/-/pure-rand-6.0.4.tgz",
            "integrity": "sha512-LA0Y9kxMYv47GIPJy6MI84fqTd2HmYZI83W/kM/SkKfDlajnZYfmXFTxkbY+xSBPkLJxltMa9hIkmdc29eguMA==",
            "funding": [
                {
                    "type": "individual",
                    "url": "https://github.com/sponsors/dubzzz"
                },
                {
                    "type": "opencollective",
                    "url": "https://opencollective.com/fast-check"
                }
            ]
        },
        "node_modules/undici": {
            "version": "5.28.3",
            "resolved": "https://registry.npmjs.org/undici/-/undici-5.28.3.tgz",
            "integrity": "sha512-3ItfzbrhDlINjaP0duwnNsKpDQk3acHI3gVJ1z4fmwMK31k5G9OVIAMLSIaP6w4FaGkaAkN6zaQO9LUvZ1t7VA==",
            "dependencies": {
                "@fastify/busboy": "^2.0.0"
            },
            "engines": {
                "node": ">=14.0"
            }
        },
        "node_modules/yaml": {
            "version": "2.4.1",
            "resolved": "https://registry.npmjs.org/yaml/-/yaml-2.4.1.tgz",
            "integrity": "sha512-pIXzoImaqmfOrL7teGUBt/T7ZDnyeGBWyXQBvOVhLkWLN37GXv8NMLK406UY6dS51JfcQHsmcW5cJ441bHg6Lg==",
            "bin": {
                "yaml": "bin.mjs"
            },
            "engines": {
                "node": ">= 14"
            }
        }
    }
}
